
Microsoft Visual Studio Solution File, Format Version 12.00
# Visual Studio Version 17
VisualStudioVersion = 17.7.34031.279
MinimumVisualStudioVersion = 10.0.40219.1
Project("{2150E333-8FDC-42A3-9474-1A3956D46DE8}") = "Frontend", "Frontend", "{79DCF2BE-A7D0-4EA0-B365-3E1569F35D9B}"
EndProject
Project("{2150E333-8FDC-42A3-9474-1A3956D46DE8}") = "Services", "Services", "{1BD79D37-E62D-4400-B1BD-57A0565B6321}"
EndProject
Project("{FAE04EC0-301F-11D3-BF4B-00C04F79EFBC}") = "GeekShopping.Web", "GeekShopping.Web\GeekShopping.Web.csproj", "{7A2FFDEA-C06F-44C0-96E4-4AA4AE8DC53B}"
EndProject
Project("{FAE04EC0-301F-11D3-BF4B-00C04F79EFBC}") = "GeekShopping.ProductAPI", "GeekShopping.ProductAPI\GeekShopping.ProductAPI.csproj", "{9A09F82D-8618-4D3D-B070-873FABD8568D}"
EndProject
Global
	GlobalSection(SolutionConfigurationPlatforms) = preSolution
		Debug|Any CPU = Debug|Any CPU
		Release|Any CPU = Release|Any CPU
	EndGlobalSection
	GlobalSection(ProjectConfigurationPlatforms) = postSolution
		{7A2FFDEA-C06F-44C0-96E4-4AA4AE8DC53B}.Debug|Any CPU.ActiveCfg = Debug|Any CPU
		{7A2FFDEA-C06F-44C0-96E4-4AA4AE8DC53B}.Debug|Any CPU.Build.0 = Debug|Any CPU
		{7A2FFDEA-C06F-44C0-96E4-4AA4AE8DC53B}.Release|Any CPU.ActiveCfg = Release|Any CPU
		{7A2FFDEA-C06F-44C0-96E4-4AA4AE8DC53B}.Release|Any CPU.Build.0 = Release|Any CPU
		{9A09F82D-8618-4D3D-B070-873FABD8568D}.Debug|Any CPU.ActiveCfg = Debug|Any CPU
		{9A09F82D-8618-4D3D-B070-873FABD8568D}.Debug|Any CPU.Build.0 = Debug|Any CPU
		{9A09F82D-8618-4D3D-B070-873FABD8568D}.Release|Any CPU.ActiveCfg = Release|Any CPU
		{9A09F82D-8618-4D3D-B070-873FABD8568D}.Release|Any CPU.Build.0 = Release|Any CPU
	EndGlobalSection
	GlobalSection(SolutionProperties) = preSolution
		HideSolutionNode = FALSE
	EndGlobalSection
	GlobalSection(NestedProjects) = preSolution
		{7A2FFDEA-C06F-44C0-96E4-4AA4AE8DC53B} = {79DCF2BE-A7D0-4EA0-B365-3E1569F35D9B}
		{9A09F82D-8618-4D3D-B070-873FABD8568D} = {1BD79D37-E62D-4400-B1BD-57A0565B6321}
	EndGlobalSection
	GlobalSection(ExtensibilityGlobals) = postSolution
		SolutionGuid = {6F4ADE38-39C1-4668-AD86-EDC98FCB40E1}
	EndGlobalSection
EndGlobal
